
Microsoft Visual Studio Solution File, Format Version 12.00
# Visual Studio Version 16
VisualStudioVersion = 16.0.29215.179
MinimumVisualStudioVersion = 10.0.40219.1
Project("{FAE04EC0-301F-11D3-BF4B-00C04F79EFBC}") = "WindowsFormsApp2", "WindowsFormsApp2\WindowsFormsApp2.csproj", "{B79C1C23-F762-4E39-A3D7-4ACB80BB55F0}"
EndProject
Global
	GlobalSection(SolutionConfigurationPlatforms) = preSolution
		Debug|Any CPU = Debug|Any CPU
		Release|Any CPU = Release|Any CPU
	EndGlobalSection
	GlobalSection(ProjectConfigurationPlatforms) = postSolution
		{B79C1C23-F762-4E39-A3D7-4ACB80BB55F0}.Debug|Any CPU.ActiveCfg = Debug|Any CPU
		{B79C1C23-F762-4E39-A3D7-4ACB80BB55F0}.Debug|Any CPU.Build.0 = Debug|Any CPU
		{B79C1C23-F762-4E39-A3D7-4ACB80BB55F0}.Release|Any CPU.ActiveCfg = Release|Any CPU
		{B79C1C23-F762-4E39-A3D7-4ACB80BB55F0}.Release|Any CPU.Build.0 = Release|Any CPU
	EndGlobalSection
	GlobalSection(SolutionProperties) = preSolution
		HideSolutionNode = FALSE
	EndGlobalSection
	GlobalSection(ExtensibilityGlobals) = postSolution
		SolutionGuid = {EADB22C7-B3E8-4E42-81D1-736F87A595CA}
	EndGlobalSection
EndGlobal
